// !$*UTF8*$!
{
	archiveVersion = 1;
	classes = {
	};
	objectVersion = 52;
	objects = {

/* Begin PBXBuildFile section */
		512066D3273CCA4500B1E930 /* StepComponentView.swift in Sources */ = {isa = PBXBuildFile; fileRef = 512066D2273CCA4500B1E930 /* StepComponentView.swift */; };
		5123B3062726FD3F00C91C4E /* ExploreView.swift in Sources */ = {isa = PBXBuildFile; fileRef = 5123B3052726FD3F00C91C4E /* ExploreView.swift */; };
		5123B3082727034900C91C4E /* SimulationView.swift in Sources */ = {isa = PBXBuildFile; fileRef = 5123B3072727034900C91C4E /* SimulationView.swift */; };
		5123B31227278FEF00C91C4E /* ExploreSelections.swift in Sources */ = {isa = PBXBuildFile; fileRef = 5123B31127278FEF00C91C4E /* ExploreSelections.swift */; };
		5123B317272FB00A00C91C4E /* Macro.rcproject in Sources */ = {isa = PBXBuildFile; fileRef = 5123B316272FB00A00C91C4E /* Macro.rcproject */; };
		5123B357273025A500C91C4E /* FocusEntity in Frameworks */ = {isa = PBXBuildFile; productRef = 5123B356273025A500C91C4E /* FocusEntity */; };
		514B335A2726A85F00FB011D /* FamiliARSwiftUIApp.swift in Sources */ = {isa = PBXBuildFile; fileRef = 514B33592726A85F00FB011D /* FamiliARSwiftUIApp.swift */; };
		514B335C2726A85F00FB011D /* ContentView.swift in Sources */ = {isa = PBXBuildFile; fileRef = 514B335B2726A85F00FB011D /* ContentView.swift */; };
		514B335E2726A86100FB011D /* Assets.xcassets in Resources */ = {isa = PBXBuildFile; fileRef = 514B335D2726A86100FB011D /* Assets.xcassets */; };
		514B33612726A86100FB011D /* Preview Assets.xcassets in Resources */ = {isa = PBXBuildFile; fileRef = 514B33602726A86100FB011D /* Preview Assets.xcassets */; };
		514B33632726A86100FB011D /* Persistence.swift in Sources */ = {isa = PBXBuildFile; fileRef = 514B33622726A86100FB011D /* Persistence.swift */; };
		514B33662726A86100FB011D /* FamiliARSwiftUI.xcdatamodeld in Sources */ = {isa = PBXBuildFile; fileRef = 514B33642726A86100FB011D /* FamiliARSwiftUI.xcdatamodeld */; };
		514B33712726A86200FB011D /* FamiliARSwiftUITests.swift in Sources */ = {isa = PBXBuildFile; fileRef = 514B33702726A86200FB011D /* FamiliARSwiftUITests.swift */; };
		514B337C2726A86200FB011D /* FamiliARSwiftUIUITests.swift in Sources */ = {isa = PBXBuildFile; fileRef = 514B337B2726A86200FB011D /* FamiliARSwiftUIUITests.swift */; };
		8773D942273A320F005165D9 /* PracticeView.swift in Sources */ = {isa = PBXBuildFile; fileRef = 8773D941273A320F005165D9 /* PracticeView.swift */; };
		8798CED627367E2A0015526C /* GuidancePage.swift in Sources */ = {isa = PBXBuildFile; fileRef = 8798CED527367E2A0015526C /* GuidancePage.swift */; };
		87BF55BB273B7418002B245D /* StopWatchManager.swift in Sources */ = {isa = PBXBuildFile; fileRef = 87BF55BA273B7418002B245D /* StopWatchManager.swift */; };
		ECD3B1D02738D0EF00130C38 /* PunctureStepView.swift in Sources */ = {isa = PBXBuildFile; fileRef = ECD3B1CF2738D0EF00130C38 /* PunctureStepView.swift */; };
		ECD3B1D5273CB21600130C38 /* SprainStepView.swift in Sources */ = {isa = PBXBuildFile; fileRef = ECD3B1D4273CB21500130C38 /* SprainStepView.swift */; };
/* End PBXBuildFile section */

/* Begin PBXContainerItemProxy section */
		514B336D2726A86200FB011D /* PBXContainerItemProxy */ = {
			isa = PBXContainerItemProxy;
			containerPortal = 514B334E2726A85F00FB011D /* Project object */;
			proxyType = 1;
			remoteGlobalIDString = 514B33552726A85F00FB011D;
			remoteInfo = FamiliARSwiftUI;
		};
		514B33782726A86200FB011D /* PBXContainerItemProxy */ = {
			isa = PBXContainerItemProxy;
			containerPortal = 514B334E2726A85F00FB011D /* Project object */;
			proxyType = 1;
			remoteGlobalIDString = 514B33552726A85F00FB011D;
			remoteInfo = FamiliARSwiftUI;
		};
/* End PBXContainerItemProxy section */

/* Begin PBXFileReference section */
		512066D2273CCA4500B1E930 /* StepComponentView.swift */ = {isa = PBXFileReference; lastKnownFileType = sourcecode.swift; path = StepComponentView.swift; sourceTree = "<group>"; };
		5123B3052726FD3F00C91C4E /* ExploreView.swift */ = {isa = PBXFileReference; lastKnownFileType = sourcecode.swift; path = ExploreView.swift; sourceTree = "<group>"; };
		5123B3072727034900C91C4E /* SimulationView.swift */ = {isa = PBXFileReference; lastKnownFileType = sourcecode.swift; path = SimulationView.swift; sourceTree = "<group>"; };
		5123B31127278FEF00C91C4E /* ExploreSelections.swift */ = {isa = PBXFileReference; lastKnownFileType = sourcecode.swift; path = ExploreSelections.swift; sourceTree = "<group>"; };
		5123B316272FB00A00C91C4E /* Macro.rcproject */ = {isa = PBXFileReference; lastKnownFileType = file.rcproject; path = Macro.rcproject; sourceTree = "<group>"; };
		514B33562726A85F00FB011D /* FamiliARSwiftUI.app */ = {isa = PBXFileReference; explicitFileType = wrapper.application; includeInIndex = 0; path = FamiliARSwiftUI.app; sourceTree = BUILT_PRODUCTS_DIR; };
		514B33592726A85F00FB011D /* FamiliARSwiftUIApp.swift */ = {isa = PBXFileReference; lastKnownFileType = sourcecode.swift; path = FamiliARSwiftUIApp.swift; sourceTree = "<group>"; };
		514B335B2726A85F00FB011D /* ContentView.swift */ = {isa = PBXFileReference; lastKnownFileType = sourcecode.swift; path = ContentView.swift; sourceTree = "<group>"; };
		514B335D2726A86100FB011D /* Assets.xcassets */ = {isa = PBXFileReference; lastKnownFileType = folder.assetcatalog; path = Assets.xcassets; sourceTree = "<group>"; };
		514B33602726A86100FB011D /* Preview Assets.xcassets */ = {isa = PBXFileReference; lastKnownFileType = folder.assetcatalog; path = "Preview Assets.xcassets"; sourceTree = "<group>"; };
		514B33622726A86100FB011D /* Persistence.swift */ = {isa = PBXFileReference; lastKnownFileType = sourcecode.swift; path = Persistence.swift; sourceTree = "<group>"; };
		514B33652726A86100FB011D /* FamiliARSwiftUI.xcdatamodel */ = {isa = PBXFileReference; lastKnownFileType = wrapper.xcdatamodel; path = FamiliARSwiftUI.xcdatamodel; sourceTree = "<group>"; };
		514B33672726A86100FB011D /* Info.plist */ = {isa = PBXFileReference; lastKnownFileType = text.plist.xml; path = Info.plist; sourceTree = "<group>"; };
		514B336C2726A86200FB011D /* FamiliARSwiftUITests.xctest */ = {isa = PBXFileReference; explicitFileType = wrapper.cfbundle; includeInIndex = 0; path = FamiliARSwiftUITests.xctest; sourceTree = BUILT_PRODUCTS_DIR; };
		514B33702726A86200FB011D /* FamiliARSwiftUITests.swift */ = {isa = PBXFileReference; lastKnownFileType = sourcecode.swift; path = FamiliARSwiftUITests.swift; sourceTree = "<group>"; };
		514B33722726A86200FB011D /* Info.plist */ = {isa = PBXFileReference; lastKnownFileType = text.plist.xml; path = Info.plist; sourceTree = "<group>"; };
		514B33772726A86200FB011D /* FamiliARSwiftUIUITests.xctest */ = {isa = PBXFileReference; explicitFileType = wrapper.cfbundle; includeInIndex = 0; path = FamiliARSwiftUIUITests.xctest; sourceTree = BUILT_PRODUCTS_DIR; };
		514B337B2726A86200FB011D /* FamiliARSwiftUIUITests.swift */ = {isa = PBXFileReference; lastKnownFileType = sourcecode.swift; path = FamiliARSwiftUIUITests.swift; sourceTree = "<group>"; };
		514B337D2726A86200FB011D /* Info.plist */ = {isa = PBXFileReference; lastKnownFileType = text.plist.xml; path = Info.plist; sourceTree = "<group>"; };
		8773D941273A320F005165D9 /* PracticeView.swift */ = {isa = PBXFileReference; lastKnownFileType = sourcecode.swift; path = PracticeView.swift; sourceTree = "<group>"; };
		8798CED527367E2A0015526C /* GuidancePage.swift */ = {isa = PBXFileReference; lastKnownFileType = sourcecode.swift; path = GuidancePage.swift; sourceTree = "<group>"; };
		87BF55BA273B7418002B245D /* StopWatchManager.swift */ = {isa = PBXFileReference; lastKnownFileType = sourcecode.swift; path = StopWatchManager.swift; sourceTree = "<group>"; };
		ECD3B1CF2738D0EF00130C38 /* PunctureStepView.swift */ = {isa = PBXFileReference; lastKnownFileType = sourcecode.swift; path = PunctureStepView.swift; sourceTree = "<group>"; };
		ECD3B1D4273CB21500130C38 /* SprainStepView.swift */ = {isa = PBXFileReference; lastKnownFileType = sourcecode.swift; path = SprainStepView.swift; sourceTree = "<group>"; };
/* End PBXFileReference section */

/* Begin PBXFrameworksBuildPhase section */
		514B33532726A85F00FB011D /* Frameworks */ = {
			isa = PBXFrameworksBuildPhase;
			buildActionMask = 2147483647;
			files = (
				5123B357273025A500C91C4E /* FocusEntity in Frameworks */,
			);
			runOnlyForDeploymentPostprocessing = 0;
		};
		514B33692726A86200FB011D /* Frameworks */ = {
			isa = PBXFrameworksBuildPhase;
			buildActionMask = 2147483647;
			files = (
			);
			runOnlyForDeploymentPostprocessing = 0;
		};
		514B33742726A86200FB011D /* Frameworks */ = {
			isa = PBXFrameworksBuildPhase;
			buildActionMask = 2147483647;
			files = (
			);
			runOnlyForDeploymentPostprocessing = 0;
		};
/* End PBXFrameworksBuildPhase section */

/* Begin PBXGroup section */
		5123B3002726C24000C91C4E /* View */ = {
			isa = PBXGroup;
			children = (
				ECD3B1D3273B85A600130C38 /* Component */,
				5123B3052726FD3F00C91C4E /* ExploreView.swift */,
				5123B31127278FEF00C91C4E /* ExploreSelections.swift */,
				5123B3072727034900C91C4E /* SimulationView.swift */,
				8798CED527367E2A0015526C /* GuidancePage.swift */,
				8773D941273A320F005165D9 /* PracticeView.swift */,
				87BF55BA273B7418002B245D /* StopWatchManager.swift */,
				ECD3B1CF2738D0EF00130C38 /* PunctureStepView.swift */,
				ECD3B1D4273CB21500130C38 /* SprainStepView.swift */,
				512066D2273CCA4500B1E930 /* StepComponentView.swift */,
			);
			path = View;
			sourceTree = "<group>";
		};
		5123B30B27270C9700C91C4E /* Model */ = {
			isa = PBXGroup;
			children = (
			);
			path = Model;
			sourceTree = "<group>";
		};
		5123B30C27270CA200C91C4E /* ViewModel */ = {
			isa = PBXGroup;
			children = (
			);
			path = ViewModel;
			sourceTree = "<group>";
		};
		5123B3132727BA0B00C91C4E /* AssetAR */ = {
			isa = PBXGroup;
			children = (
				5123B316272FB00A00C91C4E /* Macro.rcproject */,
			);
			path = AssetAR;
			sourceTree = "<group>";
		};
		514B334D2726A85F00FB011D = {
			isa = PBXGroup;
			children = (
				514B33582726A85F00FB011D /* FamiliARSwiftUI */,
				514B336F2726A86200FB011D /* FamiliARSwiftUITests */,
				514B337A2726A86200FB011D /* FamiliARSwiftUIUITests */,
				514B33572726A85F00FB011D /* Products */,
			);
			sourceTree = "<group>";
		};
		514B33572726A85F00FB011D /* Products */ = {
			isa = PBXGroup;
			children = (
				514B33562726A85F00FB011D /* FamiliARSwiftUI.app */,
				514B336C2726A86200FB011D /* FamiliARSwiftUITests.xctest */,
				514B33772726A86200FB011D /* FamiliARSwiftUIUITests.xctest */,
			);
			name = Products;
			sourceTree = "<group>";
		};
		514B33582726A85F00FB011D /* FamiliARSwiftUI */ = {
			isa = PBXGroup;
			children = (
				5123B3132727BA0B00C91C4E /* AssetAR */,
				5123B30B27270C9700C91C4E /* Model */,
				5123B30C27270CA200C91C4E /* ViewModel */,
				5123B3002726C24000C91C4E /* View */,
				514B33592726A85F00FB011D /* FamiliARSwiftUIApp.swift */,
				514B335B2726A85F00FB011D /* ContentView.swift */,
				514B335D2726A86100FB011D /* Assets.xcassets */,
				514B33622726A86100FB011D /* Persistence.swift */,
				514B33672726A86100FB011D /* Info.plist */,
				514B33642726A86100FB011D /* FamiliARSwiftUI.xcdatamodeld */,
				514B335F2726A86100FB011D /* Preview Content */,
			);
			path = FamiliARSwiftUI;
			sourceTree = "<group>";
		};
		514B335F2726A86100FB011D /* Preview Content */ = {
			isa = PBXGroup;
			children = (
				514B33602726A86100FB011D /* Preview Assets.xcassets */,
			);
			path = "Preview Content";
			sourceTree = "<group>";
		};
		514B336F2726A86200FB011D /* FamiliARSwiftUITests */ = {
			isa = PBXGroup;
			children = (
				514B33702726A86200FB011D /* FamiliARSwiftUITests.swift */,
				514B33722726A86200FB011D /* Info.plist */,
			);
			path = FamiliARSwiftUITests;
			sourceTree = "<group>";
		};
		514B337A2726A86200FB011D /* FamiliARSwiftUIUITests */ = {
			isa = PBXGroup;
			children = (
				514B337B2726A86200FB011D /* FamiliARSwiftUIUITests.swift */,
				514B337D2726A86200FB011D /* Info.plist */,
			);
			path = FamiliARSwiftUIUITests;
			sourceTree = "<group>";
		};
		ECD3B1D3273B85A600130C38 /* Component */ = {
			isa = PBXGroup;
			children = (
			);
			path = Component;
			sourceTree = "<group>";
		};
/* End PBXGroup section */

/* Begin PBXNativeTarget section */
		514B33552726A85F00FB011D /* FamiliARSwiftUI */ = {
			isa = PBXNativeTarget;
			buildConfigurationList = 514B33802726A86200FB011D /* Build configuration list for PBXNativeTarget "FamiliARSwiftUI" */;
			buildPhases = (
				514B33522726A85F00FB011D /* Sources */,
				514B33532726A85F00FB011D /* Frameworks */,
				514B33542726A85F00FB011D /* Resources */,
			);
			buildRules = (
			);
			dependencies = (
			);
			name = FamiliARSwiftUI;
			packageProductDependencies = (
				5123B356273025A500C91C4E /* FocusEntity */,
			);
			productName = FamiliARSwiftUI;
			productReference = 514B33562726A85F00FB011D /* FamiliARSwiftUI.app */;
			productType = "com.apple.product-type.application";
		};
		514B336B2726A86200FB011D /* FamiliARSwiftUITests */ = {
			isa = PBXNativeTarget;
			buildConfigurationList = 514B33832726A86200FB011D /* Build configuration list for PBXNativeTarget "FamiliARSwiftUITests" */;
			buildPhases = (
				514B33682726A86200FB011D /* Sources */,
				514B33692726A86200FB011D /* Frameworks */,
				514B336A2726A86200FB011D /* Resources */,
			);
			buildRules = (
			);
			dependencies = (
				514B336E2726A86200FB011D /* PBXTargetDependency */,
			);
			name = FamiliARSwiftUITests;
			productName = FamiliARSwiftUITests;
			productReference = 514B336C2726A86200FB011D /* FamiliARSwiftUITests.xctest */;
			productType = "com.apple.product-type.bundle.unit-test";
		};
		514B33762726A86200FB011D /* FamiliARSwiftUIUITests */ = {
			isa = PBXNativeTarget;
			buildConfigurationList = 514B33862726A86200FB011D /* Build configuration list for PBXNativeTarget "FamiliARSwiftUIUITests" */;
			buildPhases = (
				514B33732726A86200FB011D /* Sources */,
				514B33742726A86200FB011D /* Frameworks */,
				514B33752726A86200FB011D /* Resources */,
			);
			buildRules = (
			);
			dependencies = (
				514B33792726A86200FB011D /* PBXTargetDependency */,
			);
			name = FamiliARSwiftUIUITests;
			productName = FamiliARSwiftUIUITests;
			productReference = 514B33772726A86200FB011D /* FamiliARSwiftUIUITests.xctest */;
			productType = "com.apple.product-type.bundle.ui-testing";
		};
/* End PBXNativeTarget section */

/* Begin PBXProject section */
		514B334E2726A85F00FB011D /* Project object */ = {
			isa = PBXProject;
			attributes = {
				LastSwiftUpdateCheck = 1250;
				LastUpgradeCheck = 1250;
				TargetAttributes = {
					514B33552726A85F00FB011D = {
						CreatedOnToolsVersion = 12.5;
					};
					514B336B2726A86200FB011D = {
						CreatedOnToolsVersion = 12.5;
						TestTargetID = 514B33552726A85F00FB011D;
					};
					514B33762726A86200FB011D = {
						CreatedOnToolsVersion = 12.5;
						TestTargetID = 514B33552726A85F00FB011D;
					};
				};
			};
			buildConfigurationList = 514B33512726A85F00FB011D /* Build configuration list for PBXProject "FamiliARSwiftUI" */;
			compatibilityVersion = "Xcode 9.3";
			developmentRegion = en;
			hasScannedForEncodings = 0;
			knownRegions = (
				en,
				Base,
			);
			mainGroup = 514B334D2726A85F00FB011D;
			packageReferences = (
				5123B355273025A500C91C4E /* XCRemoteSwiftPackageReference "FocusEntity" */,
			);
			productRefGroup = 514B33572726A85F00FB011D /* Products */;
			projectDirPath = "";
			projectRoot = "";
			targets = (
				514B33552726A85F00FB011D /* FamiliARSwiftUI */,
				514B336B2726A86200FB011D /* FamiliARSwiftUITests */,
				514B33762726A86200FB011D /* FamiliARSwiftUIUITests */,
			);
		};
/* End PBXProject section */

/* Begin PBXResourcesBuildPhase section */
		514B33542726A85F00FB011D /* Resources */ = {
			isa = PBXResourcesBuildPhase;
			buildActionMask = 2147483647;
			files = (
				514B33612726A86100FB011D /* Preview Assets.xcassets in Resources */,
				514B335E2726A86100FB011D /* Assets.xcassets in Resources */,
			);
			runOnlyForDeploymentPostprocessing = 0;
		};
		514B336A2726A86200FB011D /* Resources */ = {
			isa = PBXResourcesBuildPhase;
			buildActionMask = 2147483647;
			files = (
			);
			runOnlyForDeploymentPostprocessing = 0;
		};
		514B33752726A86200FB011D /* Resources */ = {
			isa = PBXResourcesBuildPhase;
			buildActionMask = 2147483647;
			files = (
			);
			runOnlyForDeploymentPostprocessing = 0;
		};
/* End PBXResourcesBuildPhase section */

/* Begin PBXSourcesBuildPhase section */
		514B33522726A85F00FB011D /* Sources */ = {
			isa = PBXSourcesBuildPhase;
			buildActionMask = 2147483647;
			files = (
				512066D3273CCA4500B1E930 /* StepComponentView.swift in Sources */,
				ECD3B1D02738D0EF00130C38 /* PunctureStepView.swift in Sources */,
				514B33662726A86100FB011D /* FamiliARSwiftUI.xcdatamodeld in Sources */,
				514B33632726A86100FB011D /* Persistence.swift in Sources */,
				514B335C2726A85F00FB011D /* ContentView.swift in Sources */,
				8798CED627367E2A0015526C /* GuidancePage.swift in Sources */,
				5123B317272FB00A00C91C4E /* Macro.rcproject in Sources */,
				87BF55BB273B7418002B245D /* StopWatchManager.swift in Sources */,
				ECD3B1D5273CB21600130C38 /* SprainStepView.swift in Sources */,
				5123B3082727034900C91C4E /* SimulationView.swift in Sources */,
				8773D942273A320F005165D9 /* PracticeView.swift in Sources */,
				514B335A2726A85F00FB011D /* FamiliARSwiftUIApp.swift in Sources */,
				5123B3062726FD3F00C91C4E /* ExploreView.swift in Sources */,
				5123B31227278FEF00C91C4E /* ExploreSelections.swift in Sources */,
			);
			runOnlyForDeploymentPostprocessing = 0;
		};
		514B33682726A86200FB011D /* Sources */ = {
			isa = PBXSourcesBuildPhase;
			buildActionMask = 2147483647;
			files = (
				514B33712726A86200FB011D /* FamiliARSwiftUITests.swift in Sources */,
			);
			runOnlyForDeploymentPostprocessing = 0;
		};
		514B33732726A86200FB011D /* Sources */ = {
			isa = PBXSourcesBuildPhase;
			buildActionMask = 2147483647;
			files = (
				514B337C2726A86200FB011D /* FamiliARSwiftUIUITests.swift in Sources */,
			);
			runOnlyForDeploymentPostprocessing = 0;
		};
/* End PBXSourcesBuildPhase section */

/* Begin PBXTargetDependency section */
		514B336E2726A86200FB011D /* PBXTargetDependency */ = {
			isa = PBXTargetDependency;
			target = 514B33552726A85F00FB011D /* FamiliARSwiftUI */;
			targetProxy = 514B336D2726A86200FB011D /* PBXContainerItemProxy */;
		};
		514B33792726A86200FB011D /* PBXTargetDependency */ = {
			isa = PBXTargetDependency;
			target = 514B33552726A85F00FB011D /* FamiliARSwiftUI */;
			targetProxy = 514B33782726A86200FB011D /* PBXContainerItemProxy */;
		};
/* End PBXTargetDependency section */

/* Begin XCBuildConfiguration section */
		514B337E2726A86200FB011D /* Debug */ = {
			isa = XCBuildConfiguration;
			buildSettings = {
				ALWAYS_SEARCH_USER_PATHS = NO;
				CLANG_ANALYZER_NONNULL = YES;
				CLANG_ANALYZER_NUMBER_OBJECT_CONVERSION = YES_AGGRESSIVE;
				CLANG_CXX_LANGUAGE_STANDARD = "gnu++14";
				CLANG_CXX_LIBRARY = "libc++";
				CLANG_ENABLE_MODULES = YES;
				CLANG_ENABLE_OBJC_ARC = YES;
				CLANG_ENABLE_OBJC_WEAK = YES;
				CLANG_WARN_BLOCK_CAPTURE_AUTORELEASING = YES;
				CLANG_WARN_BOOL_CONVERSION = YES;
				CLANG_WARN_COMMA = YES;
				CLANG_WARN_CONSTANT_CONVERSION = YES;
				CLANG_WARN_DEPRECATED_OBJC_IMPLEMENTATIONS = YES;
				CLANG_WARN_DIRECT_OBJC_ISA_USAGE = YES_ERROR;
				CLANG_WARN_DOCUMENTATION_COMMENTS = YES;
				CLANG_WARN_EMPTY_BODY = YES;
				CLANG_WARN_ENUM_CONVERSION = YES;
				CLANG_WARN_INFINITE_RECURSION = YES;
				CLANG_WARN_INT_CONVERSION = YES;
				CLANG_WARN_NON_LITERAL_NULL_CONVERSION = YES;
				CLANG_WARN_OBJC_IMPLICIT_RETAIN_SELF = YES;
				CLANG_WARN_OBJC_LITERAL_CONVERSION = YES;
				CLANG_WARN_OBJC_ROOT_CLASS = YES_ERROR;
				CLANG_WARN_QUOTED_INCLUDE_IN_FRAMEWORK_HEADER = YES;
				CLANG_WARN_RANGE_LOOP_ANALYSIS = YES;
				CLANG_WARN_STRICT_PROTOTYPES = YES;
				CLANG_WARN_SUSPICIOUS_MOVE = YES;
				CLANG_WARN_UNGUARDED_AVAILABILITY = YES_AGGRESSIVE;
				CLANG_WARN_UNREACHABLE_CODE = YES;
				CLANG_WARN__DUPLICATE_METHOD_MATCH = YES;
				COPY_PHASE_STRIP = NO;
				DEBUG_INFORMATION_FORMAT = dwarf;
				ENABLE_STRICT_OBJC_MSGSEND = YES;
				ENABLE_TESTABILITY = YES;
				GCC_C_LANGUAGE_STANDARD = gnu11;
				GCC_DYNAMIC_NO_PIC = NO;
				GCC_NO_COMMON_BLOCKS = YES;
				GCC_OPTIMIZATION_LEVEL = 0;
				GCC_PREPROCESSOR_DEFINITIONS = (
					"DEBUG=1",
					"$(inherited)",
				);
				GCC_WARN_64_TO_32_BIT_CONVERSION = YES;
				GCC_WARN_ABOUT_RETURN_TYPE = YES_ERROR;
				GCC_WARN_UNDECLARED_SELECTOR = YES;
				GCC_WARN_UNINITIALIZED_AUTOS = YES_AGGRESSIVE;
				GCC_WARN_UNUSED_FUNCTION = YES;
				GCC_WARN_UNUSED_VARIABLE = YES;
				IPHONEOS_DEPLOYMENT_TARGET = 15.0;
				MTL_ENABLE_DEBUG_INFO = INCLUDE_SOURCE;
				MTL_FAST_MATH = YES;
				ONLY_ACTIVE_ARCH = YES;
				SDKROOT = iphoneos;
				SWIFT_ACTIVE_COMPILATION_CONDITIONS = DEBUG;
				SWIFT_OPTIMIZATION_LEVEL = "-Onone";
			};
			name = Debug;
		};
		514B337F2726A86200FB011D /* Release */ = {
			isa = XCBuildConfiguration;
			buildSettings = {
				ALWAYS_SEARCH_USER_PATHS = NO;
				CLANG_ANALYZER_NONNULL = YES;
				CLANG_ANALYZER_NUMBER_OBJECT_CONVERSION = YES_AGGRESSIVE;
				CLANG_CXX_LANGUAGE_STANDARD = "gnu++14";
				CLANG_CXX_LIBRARY = "libc++";
				CLANG_ENABLE_MODULES = YES;
				CLANG_ENABLE_OBJC_ARC = YES;
				CLANG_ENABLE_OBJC_WEAK = YES;
				CLANG_WARN_BLOCK_CAPTURE_AUTORELEASING = YES;
				CLANG_WARN_BOOL_CONVERSION = YES;
				CLANG_WARN_COMMA = YES;
				CLANG_WARN_CONSTANT_CONVERSION = YES;
				CLANG_WARN_DEPRECATED_OBJC_IMPLEMENTATIONS = YES;
				CLANG_WARN_DIRECT_OBJC_ISA_USAGE = YES_ERROR;
				CLANG_WARN_DOCUMENTATION_COMMENTS = YES;
				CLANG_WARN_EMPTY_BODY = YES;
				CLANG_WARN_ENUM_CONVERSION = YES;
				CLANG_WARN_INFINITE_RECURSION = YES;
				CLANG_WARN_INT_CONVERSION = YES;
				CLANG_WARN_NON_LITERAL_NULL_CONVERSION = YES;
				CLANG_WARN_OBJC_IMPLICIT_RETAIN_SELF = YES;
				CLANG_WARN_OBJC_LITERAL_CONVERSION = YES;
				CLANG_WARN_OBJC_ROOT_CLASS = YES_ERROR;
				CLANG_WARN_QUOTED_INCLUDE_IN_FRAMEWORK_HEADER = YES;
				CLANG_WARN_RANGE_LOOP_ANALYSIS = YES;
				CLANG_WARN_STRICT_PROTOTYPES = YES;
				CLANG_WARN_SUSPICIOUS_MOVE = YES;
				CLANG_WARN_UNGUARDED_AVAILABILITY = YES_AGGRESSIVE;
				CLANG_WARN_UNREACHABLE_CODE = YES;
				CLANG_WARN__DUPLICATE_METHOD_MATCH = YES;
				COPY_PHASE_STRIP = NO;
				DEBUG_INFORMATION_FORMAT = "dwarf-with-dsym";
				ENABLE_NS_ASSERTIONS = NO;
				ENABLE_STRICT_OBJC_MSGSEND = YES;
				GCC_C_LANGUAGE_STANDARD = gnu11;
				GCC_NO_COMMON_BLOCKS = YES;
				GCC_WARN_64_TO_32_BIT_CONVERSION = YES;
				GCC_WARN_ABOUT_RETURN_TYPE = YES_ERROR;
				GCC_WARN_UNDECLARED_SELECTOR = YES;
				GCC_WARN_UNINITIALIZED_AUTOS = YES_AGGRESSIVE;
				GCC_WARN_UNUSED_FUNCTION = YES;
				GCC_WARN_UNUSED_VARIABLE = YES;
				IPHONEOS_DEPLOYMENT_TARGET = 15.0;
				MTL_ENABLE_DEBUG_INFO = NO;
				MTL_FAST_MATH = YES;
				SDKROOT = iphoneos;
				SWIFT_COMPILATION_MODE = wholemodule;
				SWIFT_OPTIMIZATION_LEVEL = "-O";
				VALIDATE_PRODUCT = YES;
			};
			name = Release;
		};
		514B33812726A86200FB011D /* Debug */ = {
			isa = XCBuildConfiguration;
			buildSettings = {
				ASSETCATALOG_COMPILER_APPICON_NAME = AppIcon;
				ASSETCATALOG_COMPILER_GLOBAL_ACCENT_COLOR_NAME = AccentColor;
				CODE_SIGN_IDENTITY = "Apple Development";
				CODE_SIGN_STYLE = Automatic;
				DEVELOPMENT_ASSET_PATHS = "\"FamiliARSwiftUI/Preview Content\"";
				DEVELOPMENT_TEAM = 7BXW7R92AH;
				ENABLE_PREVIEWS = YES;
				INFOPLIST_FILE = FamiliARSwiftUI/Info.plist;
				IPHONEOS_DEPLOYMENT_TARGET = 15.0;
				LD_RUNPATH_SEARCH_PATHS = (
					"$(inherited)",
					"@executable_path/Frameworks",
				);
				PRODUCT_BUNDLE_IDENTIFIER = FamiliARSwiftUI.Macro;
				PRODUCT_NAME = "$(TARGET_NAME)";
				PROVISIONING_PROFILE_SPECIFIER = "";
				SWIFT_VERSION = 5.0;
				TARGETED_DEVICE_FAMILY = 2;
			};
			name = Debug;
		};
		514B33822726A86200FB011D /* Release */ = {
			isa = XCBuildConfiguration;
			buildSettings = {
				ASSETCATALOG_COMPILER_APPICON_NAME = AppIcon;
				ASSETCATALOG_COMPILER_GLOBAL_ACCENT_COLOR_NAME = AccentColor;
				CODE_SIGN_IDENTITY = "Apple Development";
				CODE_SIGN_STYLE = Automatic;
				DEVELOPMENT_ASSET_PATHS = "\"FamiliARSwiftUI/Preview Content\"";
				DEVELOPMENT_TEAM = 7BXW7R92AH;
				ENABLE_PREVIEWS = YES;
				INFOPLIST_FILE = FamiliARSwiftUI/Info.plist;
				IPHONEOS_DEPLOYMENT_TARGET = 15.0;
				LD_RUNPATH_SEARCH_PATHS = (
					"$(inherited)",
					"@executable_path/Frameworks",
				);
				PRODUCT_BUNDLE_IDENTIFIER = FamiliARSwiftUI.Macro;
				PRODUCT_NAME = "$(TARGET_NAME)";
				PROVISIONING_PROFILE_SPECIFIER = "";
				SWIFT_VERSION = 5.0;
				TARGETED_DEVICE_FAMILY = 2;
			};
			name = Release;
		};
		514B33842726A86200FB011D /* Debug */ = {
			isa = XCBuildConfiguration;
			buildSettings = {
				ALWAYS_EMBED_SWIFT_STANDARD_LIBRARIES = YES;
				BUNDLE_LOADER = "$(TEST_HOST)";
				CODE_SIGN_STYLE = Automatic;
				DEVELOPMENT_TEAM = 25T7L593ZA;
				INFOPLIST_FILE = FamiliARSwiftUITests/Info.plist;
				IPHONEOS_DEPLOYMENT_TARGET = 15.0;
				LD_RUNPATH_SEARCH_PATHS = (
					"$(inherited)",
					"@executable_path/Frameworks",
					"@loader_path/Frameworks",
				);
				PRODUCT_BUNDLE_IDENTIFIER = AppleDeveloperAcademy.FamiliARSwiftUITests;
				PRODUCT_NAME = "$(TARGET_NAME)";
				SWIFT_VERSION = 5.0;
				TARGETED_DEVICE_FAMILY = 2;
				TEST_HOST = "$(BUILT_PRODUCTS_DIR)/FamiliARSwiftUI.app/FamiliARSwiftUI";
			};
			name = Debug;
		};
		514B33852726A86200FB011D /* Release */ = {
			isa = XCBuildConfiguration;
			buildSettings = {
				ALWAYS_EMBED_SWIFT_STANDARD_LIBRARIES = YES;
				BUNDLE_LOADER = "$(TEST_HOST)";
				CODE_SIGN_STYLE = Automatic;
				DEVELOPMENT_TEAM = 25T7L593ZA;
				INFOPLIST_FILE = FamiliARSwiftUITests/Info.plist;
				IPHONEOS_DEPLOYMENT_TARGET = 15.0;
				LD_RUNPATH_SEARCH_PATHS = (
					"$(inherited)",
					"@executable_path/Frameworks",
					"@loader_path/Frameworks",
				);
				PRODUCT_BUNDLE_IDENTIFIER = AppleDeveloperAcademy.FamiliARSwiftUITests;
				PRODUCT_NAME = "$(TARGET_NAME)";
				SWIFT_VERSION = 5.0;
				TARGETED_DEVICE_FAMILY = 2;
				TEST_HOST = "$(BUILT_PRODUCTS_DIR)/FamiliARSwiftUI.app/FamiliARSwiftUI";
			};
			name = Release;
		};
		514B33872726A86200FB011D /* Debug */ = {
			isa = XCBuildConfiguration;
			buildSettings = {
				ALWAYS_EMBED_SWIFT_STANDARD_LIBRARIES = YES;
				CODE_SIGN_STYLE = Automatic;
				DEVELOPMENT_TEAM = 25T7L593ZA;
				INFOPLIST_FILE = FamiliARSwiftUIUITests/Info.plist;
				LD_RUNPATH_SEARCH_PATHS = (
					"$(inherited)",
					"@executable_path/Frameworks",
					"@loader_path/Frameworks",
				);
				PRODUCT_BUNDLE_IDENTIFIER = AppleDeveloperAcademy.FamiliARSwiftUIUITests;
				PRODUCT_NAME = "$(TARGET_NAME)";
				SWIFT_VERSION = 5.0;
				TARGETED_DEVICE_FAMILY = "1,2";
				TEST_TARGET_NAME = FamiliARSwiftUI;
			};
			name = Debug;
		};
		514B33882726A86200FB011D /* Release */ = {
			isa = XCBuildConfiguration;
			buildSettings = {
				ALWAYS_EMBED_SWIFT_STANDARD_LIBRARIES = YES;
				CODE_SIGN_STYLE = Automatic;
				DEVELOPMENT_TEAM = 25T7L593ZA;
				INFOPLIST_FILE = FamiliARSwiftUIUITests/Info.plist;
				LD_RUNPATH_SEARCH_PATHS = (
					"$(inherited)",
					"@executable_path/Frameworks",
					"@loader_path/Frameworks",
				);
				PRODUCT_BUNDLE_IDENTIFIER = AppleDeveloperAcademy.FamiliARSwiftUIUITests;
				PRODUCT_NAME = "$(TARGET_NAME)";
				SWIFT_VERSION = 5.0;
				TARGETED_DEVICE_FAMILY = "1,2";
				TEST_TARGET_NAME = FamiliARSwiftUI;
			};
			name = Release;
		};
/* End XCBuildConfiguration section */

/* Begin XCConfigurationList section */
		514B33512726A85F00FB011D /* Build configuration list for PBXProject "FamiliARSwiftUI" */ = {
			isa = XCConfigurationList;
			buildConfigurations = (
				514B337E2726A86200FB011D /* Debug */,
				514B337F2726A86200FB011D /* Release */,
			);
			defaultConfigurationIsVisible = 0;
			defaultConfigurationName = Release;
		};
		514B33802726A86200FB011D /* Build configuration list for PBXNativeTarget "FamiliARSwiftUI" */ = {
			isa = XCConfigurationList;
			buildConfigurations = (
				514B33812726A86200FB011D /* Debug */,
				514B33822726A86200FB011D /* Release */,
			);
			defaultConfigurationIsVisible = 0;
			defaultConfigurationName = Release;
		};
		514B33832726A86200FB011D /* Build configuration list for PBXNativeTarget "FamiliARSwiftUITests" */ = {
			isa = XCConfigurationList;
			buildConfigurations = (
				514B33842726A86200FB011D /* Debug */,
				514B33852726A86200FB011D /* Release */,
			);
			defaultConfigurationIsVisible = 0;
			defaultConfigurationName = Release;
		};
		514B33862726A86200FB011D /* Build configuration list for PBXNativeTarget "FamiliARSwiftUIUITests" */ = {
			isa = XCConfigurationList;
			buildConfigurations = (
				514B33872726A86200FB011D /* Debug */,
				514B33882726A86200FB011D /* Release */,
			);
			defaultConfigurationIsVisible = 0;
			defaultConfigurationName = Release;
		};
/* End XCConfigurationList section */

/* Begin XCRemoteSwiftPackageReference section */
		5123B355273025A500C91C4E /* XCRemoteSwiftPackageReference "FocusEntity" */ = {
			isa = XCRemoteSwiftPackageReference;
			repositoryURL = "https://github.com/maxxfrazer/FocusEntity";
			requirement = {
				kind = upToNextMajorVersion;
				minimumVersion = 2.2.3;
			};
		};
/* End XCRemoteSwiftPackageReference section */

/* Begin XCSwiftPackageProductDependency section */
		5123B356273025A500C91C4E /* FocusEntity */ = {
			isa = XCSwiftPackageProductDependency;
			package = 5123B355273025A500C91C4E /* XCRemoteSwiftPackageReference "FocusEntity" */;
			productName = FocusEntity;
		};
/* End XCSwiftPackageProductDependency section */

/* Begin XCVersionGroup section */
		514B33642726A86100FB011D /* FamiliARSwiftUI.xcdatamodeld */ = {
			isa = XCVersionGroup;
			children = (
				514B33652726A86100FB011D /* FamiliARSwiftUI.xcdatamodel */,
			);
			currentVersion = 514B33652726A86100FB011D /* FamiliARSwiftUI.xcdatamodel */;
			path = FamiliARSwiftUI.xcdatamodeld;
			sourceTree = "<group>";
			versionGroupType = wrapper.xcdatamodel;
		};
/* End XCVersionGroup section */
	};
	rootObject = 514B334E2726A85F00FB011D /* Project object */;
}
